
Microsoft Visual Studio Solution File, Format Version 12.00
# Visual Studio Version 17
VisualStudioVersion = 17.4.33403.182
MinimumVisualStudioVersion = 10.0.40219.1
Project("{FAE04EC0-301F-11D3-BF4B-00C04F79EFBC}") = "ZadanieLitery", "ZadanieLitery.csproj", "{175F1DF9-9EC9-4906-B32D-F72D2719E04B}"
EndProject
Global
	GlobalSection(SolutionConfigurationPlatforms) = preSolution
		Debug|Any CPU = Debug|Any CPU
		Release|Any CPU = Release|Any CPU
	EndGlobalSection
	GlobalSection(ProjectConfigurationPlatforms) = postSolution
		{175F1DF9-9EC9-4906-B32D-F72D2719E04B}.Debug|Any CPU.ActiveCfg = Debug|Any CPU
		{175F1DF9-9EC9-4906-B32D-F72D2719E04B}.Debug|Any CPU.Build.0 = Debug|Any CPU
		{175F1DF9-9EC9-4906-B32D-F72D2719E04B}.Release|Any CPU.ActiveCfg = Release|Any CPU
		{175F1DF9-9EC9-4906-B32D-F72D2719E04B}.Release|Any CPU.Build.0 = Release|Any CPU
	EndGlobalSection
	GlobalSection(SolutionProperties) = preSolution
		HideSolutionNode = FALSE
	EndGlobalSection
	GlobalSection(ExtensibilityGlobals) = postSolution
		SolutionGuid = {C199AA29-0F81-44E9-A8FC-510B61A1ADC9}
	EndGlobalSection
EndGlobal
